
Microsoft Visual Studio Solution File, Format Version 12.00
# Visual Studio Version 17
VisualStudioVersion = 17.10.34916.146
MinimumVisualStudioVersion = 10.0.40219.1
Project("{FAE04EC0-301F-11D3-BF4B-00C04F79EFBC}") = "API-Csharp", "API-Csharp.csproj", "{041AEC6E-9F33-4EBA-B14C-5CDE7CB00562}"
EndProject
Global
	GlobalSection(SolutionConfigurationPlatforms) = preSolution
		Debug|Any CPU = Debug|Any CPU
		Release|Any CPU = Release|Any CPU
	EndGlobalSection
	GlobalSection(ProjectConfigurationPlatforms) = postSolution
		{041AEC6E-9F33-4EBA-B14C-5CDE7CB00562}.Debug|Any CPU.ActiveCfg = Debug|Any CPU
		{041AEC6E-9F33-4EBA-B14C-5CDE7CB00562}.Debug|Any CPU.Build.0 = Debug|Any CPU
		{041AEC6E-9F33-4EBA-B14C-5CDE7CB00562}.Release|Any CPU.ActiveCfg = Release|Any CPU
		{041AEC6E-9F33-4EBA-B14C-5CDE7CB00562}.Release|Any CPU.Build.0 = Release|Any CPU
	EndGlobalSection
	GlobalSection(SolutionProperties) = preSolution
		HideSolutionNode = FALSE
	EndGlobalSection
	GlobalSection(ExtensibilityGlobals) = postSolution
		SolutionGuid = {16B0A30D-BA5B-4825-9E92-9615CE15064A}
	EndGlobalSection
EndGlobal
